
Microsoft Visual Studio Solution File, Format Version 12.00
# Visual Studio 15
VisualStudioVersion = 15.0.26124.0
MinimumVisualStudioVersion = 15.0.26124.0
Project("{FAE04EC0-301F-11D3-BF4B-00C04F79EFBC}") = "rs-api", "rs-api\rs-api.csproj", "{92857797-F8AA-4329-935D-504A5F1470DE}"
EndProject
Project("{FAE04EC0-301F-11D3-BF4B-00C04F79EFBC}") = "rs-react", "rs-react\rs-react.csproj", "{0112CEFA-7F23-4A4F-86FC-DE0C0E0D19E2}"
EndProject
Project("{FAE04EC0-301F-11D3-BF4B-00C04F79EFBC}") = "rs-mvc", "rs-mvc\rs-mvc.csproj", "{B06DD4D4-6172-46B9-A6E5-259E76CE65E1}"
EndProject
Global
	GlobalSection(SolutionConfigurationPlatforms) = preSolution
		Debug|Any CPU = Debug|Any CPU
		Debug|x64 = Debug|x64
		Debug|x86 = Debug|x86
		Release|Any CPU = Release|Any CPU
		Release|x64 = Release|x64
		Release|x86 = Release|x86
	EndGlobalSection
	GlobalSection(SolutionProperties) = preSolution
		HideSolutionNode = FALSE
	EndGlobalSection
	GlobalSection(ProjectConfigurationPlatforms) = postSolution
		{92857797-F8AA-4329-935D-504A5F1470DE}.Debug|Any CPU.ActiveCfg = Debug|Any CPU
		{92857797-F8AA-4329-935D-504A5F1470DE}.Debug|Any CPU.Build.0 = Debug|Any CPU
		{92857797-F8AA-4329-935D-504A5F1470DE}.Debug|x64.ActiveCfg = Debug|Any CPU
		{92857797-F8AA-4329-935D-504A5F1470DE}.Debug|x64.Build.0 = Debug|Any CPU
		{92857797-F8AA-4329-935D-504A5F1470DE}.Debug|x86.ActiveCfg = Debug|Any CPU
		{92857797-F8AA-4329-935D-504A5F1470DE}.Debug|x86.Build.0 = Debug|Any CPU
		{92857797-F8AA-4329-935D-504A5F1470DE}.Release|Any CPU.ActiveCfg = Release|Any CPU
		{92857797-F8AA-4329-935D-504A5F1470DE}.Release|Any CPU.Build.0 = Release|Any CPU
		{92857797-F8AA-4329-935D-504A5F1470DE}.Release|x64.ActiveCfg = Release|Any CPU
		{92857797-F8AA-4329-935D-504A5F1470DE}.Release|x64.Build.0 = Release|Any CPU
		{92857797-F8AA-4329-935D-504A5F1470DE}.Release|x86.ActiveCfg = Release|Any CPU
		{92857797-F8AA-4329-935D-504A5F1470DE}.Release|x86.Build.0 = Release|Any CPU
		{0112CEFA-7F23-4A4F-86FC-DE0C0E0D19E2}.Debug|Any CPU.ActiveCfg = Debug|Any CPU
		{0112CEFA-7F23-4A4F-86FC-DE0C0E0D19E2}.Debug|Any CPU.Build.0 = Debug|Any CPU
		{0112CEFA-7F23-4A4F-86FC-DE0C0E0D19E2}.Debug|x64.ActiveCfg = Debug|Any CPU
		{0112CEFA-7F23-4A4F-86FC-DE0C0E0D19E2}.Debug|x64.Build.0 = Debug|Any CPU
		{0112CEFA-7F23-4A4F-86FC-DE0C0E0D19E2}.Debug|x86.ActiveCfg = Debug|Any CPU
		{0112CEFA-7F23-4A4F-86FC-DE0C0E0D19E2}.Debug|x86.Build.0 = Debug|Any CPU
		{0112CEFA-7F23-4A4F-86FC-DE0C0E0D19E2}.Release|Any CPU.ActiveCfg = Release|Any CPU
		{0112CEFA-7F23-4A4F-86FC-DE0C0E0D19E2}.Release|Any CPU.Build.0 = Release|Any CPU
		{0112CEFA-7F23-4A4F-86FC-DE0C0E0D19E2}.Release|x64.ActiveCfg = Release|Any CPU
		{0112CEFA-7F23-4A4F-86FC-DE0C0E0D19E2}.Release|x64.Build.0 = Release|Any CPU
		{0112CEFA-7F23-4A4F-86FC-DE0C0E0D19E2}.Release|x86.ActiveCfg = Release|Any CPU
		{0112CEFA-7F23-4A4F-86FC-DE0C0E0D19E2}.Release|x86.Build.0 = Release|Any CPU
		{B06DD4D4-6172-46B9-A6E5-259E76CE65E1}.Debug|Any CPU.ActiveCfg = Debug|Any CPU
		{B06DD4D4-6172-46B9-A6E5-259E76CE65E1}.Debug|Any CPU.Build.0 = Debug|Any CPU
		{B06DD4D4-6172-46B9-A6E5-259E76CE65E1}.Debug|x64.ActiveCfg = Debug|Any CPU
		{B06DD4D4-6172-46B9-A6E5-259E76CE65E1}.Debug|x64.Build.0 = Debug|Any CPU
		{B06DD4D4-6172-46B9-A6E5-259E76CE65E1}.Debug|x86.ActiveCfg = Debug|Any CPU
		{B06DD4D4-6172-46B9-A6E5-259E76CE65E1}.Debug|x86.Build.0 = Debug|Any CPU
		{B06DD4D4-6172-46B9-A6E5-259E76CE65E1}.Release|Any CPU.ActiveCfg = Release|Any CPU
		{B06DD4D4-6172-46B9-A6E5-259E76CE65E1}.Release|Any CPU.Build.0 = Release|Any CPU
		{B06DD4D4-6172-46B9-A6E5-259E76CE65E1}.Release|x64.ActiveCfg = Release|Any CPU
		{B06DD4D4-6172-46B9-A6E5-259E76CE65E1}.Release|x64.Build.0 = Release|Any CPU
		{B06DD4D4-6172-46B9-A6E5-259E76CE65E1}.Release|x86.ActiveCfg = Release|Any CPU
		{B06DD4D4-6172-46B9-A6E5-259E76CE65E1}.Release|x86.Build.0 = Release|Any CPU
	EndGlobalSection
EndGlobal
